
Microsoft Visual Studio Solution File, Format Version 12.00
# Visual Studio Version 16
VisualStudioVersion = 16.0.30804.86
MinimumVisualStudioVersion = 10.0.40219.1
Project("{9A19103F-16F7-4668-BE54-9A1E7A4F7556}") = "CommentsService", "CommentsService\CommentsService.csproj", "{8FA094B5-5C3C-4945-BEB6-FEBB024F2E76}"
EndProject
Global
	GlobalSection(SolutionConfigurationPlatforms) = preSolution
		Debug|Any CPU = Debug|Any CPU
		Release|Any CPU = Release|Any CPU
	EndGlobalSection
	GlobalSection(ProjectConfigurationPlatforms) = postSolution
		{8FA094B5-5C3C-4945-BEB6-FEBB024F2E76}.Debug|Any CPU.ActiveCfg = Debug|Any CPU
		{8FA094B5-5C3C-4945-BEB6-FEBB024F2E76}.Debug|Any CPU.Build.0 = Debug|Any CPU
		{8FA094B5-5C3C-4945-BEB6-FEBB024F2E76}.Release|Any CPU.ActiveCfg = Release|Any CPU
		{8FA094B5-5C3C-4945-BEB6-FEBB024F2E76}.Release|Any CPU.Build.0 = Release|Any CPU
	EndGlobalSection
	GlobalSection(SolutionProperties) = preSolution
		HideSolutionNode = FALSE
	EndGlobalSection
	GlobalSection(ExtensibilityGlobals) = postSolution
		SolutionGuid = {7FD6C01D-6BB3-4BB9-BEE5-4D845C8C9019}
	EndGlobalSection
EndGlobal
